{
  "nodes": {
    "home-manager": {
      "inputs": {
        "nixpkgs": [
          "nixpkgs"
        ]
      },
      "locked": {
        "narHash": "sha256-Nlnm4jeQWEGjYrE6hxi/7HYHjBSZ/E0RtjCYifnNsWk=",
        "type": "tarball",
        "url": "https://github.com/nix-community/home-manager/archive/release-22.05.tar.gz"
      },
      "original": {
        "type": "tarball",
        "url": "https://github.com/nix-community/home-manager/archive/release-22.05.tar.gz"
      }
    },
    "nixos-hardware": {
      "locked": {
        "lastModified": 1662458987,
        "narHash": "sha256-hcDwRlsXZMp2Er3vQk1JEUZWhBPLVC9vTT4xHvhpcE0=",
        "owner": "nixos",
        "repo": "nixos-hardware",
        "rev": "504b32caf83986b7e6b9c79c1c13008f83290f19",
        "type": "github"
      },
      "original": {
        "owner": "nixos",
        "ref": "master",
        "repo": "nixos-hardware",
        "type": "github"
      }
    },
    "nixpkgs": {
      "locked": {
        "lastModified": 1662099760,
        "narHash": "sha256-MdZLCTJPeHi/9fg6R9fiunyDwP3XHJqDd51zWWz9px0=",
        "owner": "nixos",
        "repo": "nixpkgs",
        "rev": "67e45078141102f45eff1589a831aeaa3182b41e",
        "type": "github"
      },
      "original": {
        "owner": "nixos",
        "ref": "nixos-22.05",
        "repo": "nixpkgs",
        "type": "github"
      }
    },
    "root": {
      "inputs": {
        "home-manager": "home-manager",
        "nixos-hardware": "nixos-hardware",
        "nixpkgs": "nixpkgs",
        "sops-nix": "sops-nix"
      }
    },
    "sops-nix": {
      "inputs": {
        "nixpkgs": [
          "nixpkgs"
        ],
        "nixpkgs-22_05": [
          "nixpkgs"
        ]
      },
      "locked": {
        "lastModified": 1662390490,
        "narHash": "sha256-HnFHRFu0eoB0tLOZRjLgVfHzK+4bQzAmAmHSzOquuyI=",
        "owner": "Mic92",
        "repo": "sops-nix",
        "rev": "044ccfe24b349859cd9efc943e4465cc993ac84e",
        "type": "github"
      },
      "original": {
        "owner": "Mic92",
        "repo": "sops-nix",
        "type": "github"
      }
    }
  },
  "root": "root",
  "version": 7
}
